
Microsoft Visual Studio Solution File, Format Version 12.00
# Visual Studio Version 16
VisualStudioVersion = 16.0.33920.266
MinimumVisualStudioVersion = 10.0.40219.1
Project("{FAE04EC0-301F-11D3-BF4B-00C04F79EFBC}") = "NewLogin", "NewLogin\NewLogin.csproj", "{CC28F194-F812-4E85-BA3C-426DFAFE9F53}"
EndProject
Global
	GlobalSection(SolutionConfigurationPlatforms) = preSolution
		Debug|Any CPU = Debug|Any CPU
		Release|Any CPU = Release|Any CPU
	EndGlobalSection
	GlobalSection(ProjectConfigurationPlatforms) = postSolution
		{CC28F194-F812-4E85-BA3C-426DFAFE9F53}.Debug|Any CPU.ActiveCfg = Debug|Any CPU
		{CC28F194-F812-4E85-BA3C-426DFAFE9F53}.Debug|Any CPU.Build.0 = Debug|Any CPU
		{CC28F194-F812-4E85-BA3C-426DFAFE9F53}.Release|Any CPU.ActiveCfg = Release|Any CPU
		{CC28F194-F812-4E85-BA3C-426DFAFE9F53}.Release|Any CPU.Build.0 = Release|Any CPU
	EndGlobalSection
	GlobalSection(SolutionProperties) = preSolution
		HideSolutionNode = FALSE
	EndGlobalSection
	GlobalSection(ExtensibilityGlobals) = postSolution
		SolutionGuid = {71BF4805-D34B-4E8A-8ACE-CF30BB7CDADD}
	EndGlobalSection
EndGlobal
